PODS:
  - AFNetworking (2.5.4):
    - AFNetworking/NSURLConnection (= 2.5.4)
    - AFNetworking/NSURLSession (= 2.5.4)
    - AFNetworking/Reachability (= 2.5.4)
    - AFNetworking/Security (= 2.5.4)
    - AFNetworking/Serialization (= 2.5.4)
    - AFNetworking/UIKit (= 2.5.4)
  - AFNetworking/NSURLConnection (2.5.4):
    - AFNetworking/Reachability
    - AFNetworking/Security
    - AFNetworking/Serialization
  - AFNetworking/NSURLSession (2.5.4):
    - AFNetworking/Reachability
    - AFNetworking/Security
    - AFNetworking/Serialization
  - AFNetworking/Reachability (2.5.4)
  - AFNetworking/Security (2.5.4)
  - AFNetworking/Serialization (2.5.4)
  - AFNetworking/UIKit (2.5.4):
    - AFNetworking/NSURLConnection
    - AFNetworking/NSURLSession
  - JZBorderedView (0.0.5)
  - MBProgressHUD (0.9.1)
  - SDWebImage (3.7.3):
    - SDWebImage/Core (= 3.7.3)
  - SDWebImage/Core (3.7.3)
  - TPKeyboardAvoiding (1.2.9)
  - UIViewController+KeyboardAnimation (1.2)
  - UMengAnalytics (3.4.6)
  - UMengSocial (4.2.3)

DEPENDENCIES:
  - AFNetworking (~> 2.5.3)
  - JZBorderedView (~> 0.0.5)
  - MBProgressHUD (~> 0.9.1)
  - SDWebImage (~> 3.7.2)
  - TPKeyboardAvoiding (~> 1.2.8)
  - UIViewController+KeyboardAnimation (~> 1.2)
  - UMengAnalytics (~> 3.4.6)
  - UMengSocial (~> 4.2.2)

SPEC CHECKSUMS:
  AFNetworking: 05edc0ac4c4c8cf57bcf4b84be5b0744b6d8e71e
  JZBorderedView: a508956c52bdb87babdc61778ab2c8674c390a82
  MBProgressHUD: c47f2c166c126cf2ce36498d80f33e754d4e93ad
  SDWebImage: 1d2b1a1efda1ade1b00b6f8498865f8ddedc8a84
  TPKeyboardAvoiding: ff1ee4e5a5a0c119b965552af8f183868ea20207
  UIViewController+KeyboardAnimation: 5beaa558cabe3353c37fdd5476c68dac8dc507d5
  UMengAnalytics: 24c06f0ea07295d2f1c093f0fe12d196fd801ea4
  UMengSocial: 85882abe5b20aa38ad558ece71360e16b5d50909

COCOAPODS: 0.37.2
