PODS:
  - AFNetworking (2.5.3):
    - AFNetworking/NSURLConnection
    - AFNetworking/NSURLSession
    - AFNetworking/Reachability
    - AFNetworking/Security
    - AFNetworking/Serialization
    - AFNetworking/UIKit
  - AFNetworking/NSURLConnection (2.5.3):
    - AFNetworking/Reachability
    - AFNetworking/Security
    - AFNetworking/Serialization
  - AFNetworking/NSURLSession (2.5.3):
    - AFNetworking/Reachability
    - AFNetworking/Security
    - AFNetworking/Serialization
  - AFNetworking/Reachability (2.5.3)
  - AFNetworking/Security (2.5.3)
  - AFNetworking/Serialization (2.5.3)
  - AFNetworking/UIKit (2.5.3):
    - AFNetworking/NSURLConnection
    - AFNetworking/NSURLSession
  - MBProgressHUD (0.9.1)
  - SDWebImage (3.7.2):
    - SDWebImage/Core
  - SDWebImage/Core (3.7.2)
  - UIViewController+KeyboardAnimation (1.2)
  - UMengAnalytics (3.4.6)
  - UMengSocial (4.2.2)

DEPENDENCIES:
  - AFNetworking (~> 2.5.3)
  - MBProgressHUD (~> 0.9.1)
  - SDWebImage (~> 3.7.2)
  - UIViewController+KeyboardAnimation (~> 1.2)
  - UMengAnalytics (~> 3.4.6)
  - UMengSocial (~> 4.2.2)

SPEC CHECKSUMS:
  AFNetworking: e1d86c2a96bb5d2e7408da36149806706ee122fe
  MBProgressHUD: c47f2c166c126cf2ce36498d80f33e754d4e93ad
  SDWebImage: 71b7cdc1d1721d6a82ed62889030225f2c249e29
  UIViewController+KeyboardAnimation: 5beaa558cabe3353c37fdd5476c68dac8dc507d5
  UMengAnalytics: 24c06f0ea07295d2f1c093f0fe12d196fd801ea4
  UMengSocial: c608958b8aec7831d2a0964b62fc4cd1ed0bd9c3

COCOAPODS: 0.33.1
