// !$*UTF8*$!
{
	archiveVersion = 1;
	classes = {
	};
	objectVersion = 46;
	objects = {

/* Begin PBXBuildFile section */
		5A79210B1BD1F49600FA79DA /* StoreKit.framework in Frameworks */ = {isa = PBXBuildFile; fileRef = 5A79210A1BD1F49600FA79DA /* StoreKit.framework */; };
		5A79210E1BD1F4C100FA79DA /* StoreUtil.m in Sources */ = {isa = PBXBuildFile; fileRef = 5A79210D1BD1F4C100FA79DA /* StoreUtil.m */; settings = {ASSET_TAGS = (); }; };
		5AD8FD4C1B88C747004213A6 /* UIImage+Additions.m in Sources */ = {isa = PBXBuildFile; fileRef = 5AD8FD4B1B88C747004213A6 /* UIImage+Additions.m */; };
		6023758E1B05E3C000521427 /* UIView+HUD.m in Sources */ = {isa = PBXBuildFile; fileRef = 6023758D1B05E3C000521427 /* UIView+HUD.m */; };
		602375921B05EF9000521427 /* LatestVisitViewController.m in Sources */ = {isa = PBXBuildFile; fileRef = 602375901B05EF9000521427 /* LatestVisitViewController.m */; };
		602375931B05EF9000521427 /* LatestVisitViewController.xib in Resources */ = {isa = PBXBuildFile; fileRef = 602375911B05EF9000521427 /* LatestVisitViewController.xib */; };
		6023CC621B8C5421008F8369 /* MyDetailViewController.m in Sources */ = {isa = PBXBuildFile; fileRef = 6023CC601B8C5421008F8369 /* MyDetailViewController.m */; };
		6023CC631B8C5421008F8369 /* MyDetailViewController.xib in Resources */ = {isa = PBXBuildFile; fileRef = 6023CC611B8C5421008F8369 /* MyDetailViewController.xib */; };
		6023CC671B8C5454008F8369 /* SettingViewController.m in Sources */ = {isa = PBXBuildFile; fileRef = 6023CC651B8C5454008F8369 /* SettingViewController.m */; };
		6023CC681B8C5454008F8369 /* SettingViewController.xib in Resources */ = {isa = PBXBuildFile; fileRef = 6023CC661B8C5454008F8369 /* SettingViewController.xib */; };
		603071501B8C6A7C003EF934 /* LDRecordCell.m in Sources */ = {isa = PBXBuildFile; fileRef = 6030714E1B8C6A7C003EF934 /* LDRecordCell.m */; };
		603071511B8C6A7C003EF934 /* LDRecordCell.xib in Resources */ = {isa = PBXBuildFile; fileRef = 6030714F1B8C6A7C003EF934 /* LDRecordCell.xib */; };
		603071551B8C6CD8003EF934 /* MyVisitViewController.m in Sources */ = {isa = PBXBuildFile; fileRef = 603071531B8C6CD8003EF934 /* MyVisitViewController.m */; };
		603071561B8C6CD8003EF934 /* MyVisitViewController.xib in Resources */ = {isa = PBXBuildFile; fileRef = 603071541B8C6CD8003EF934 /* MyVisitViewController.xib */; };
		6030715A1B8C6CF1003EF934 /* MyFollowViewController.m in Sources */ = {isa = PBXBuildFile; fileRef = 603071581B8C6CF1003EF934 /* MyFollowViewController.m */; };
		604D2CFE1B8F150A00709C90 /* ResetPasswordViewController.m in Sources */ = {isa = PBXBuildFile; fileRef = 604D2CFC1B8F150A00709C90 /* ResetPasswordViewController.m */; };
		604D2CFF1B8F150A00709C90 /* ResetPasswordViewController.xib in Resources */ = {isa = PBXBuildFile; fileRef = 604D2CFD1B8F150A00709C90 /* ResetPasswordViewController.xib */; };
		605844161B86F1E300C925AC /* LDUserModel.m in Sources */ = {isa = PBXBuildFile; fileRef = 605844151B86F1E300C925AC /* LDUserModel.m */; };
		605844191B86F3C200C925AC /* LDFileManager.m in Sources */ = {isa = PBXBuildFile; fileRef = 605844181B86F3C200C925AC /* LDFileManager.m */; };
		607540DC1B71FCF80070E215 /* FollowMeViewController.xib in Resources */ = {isa = PBXBuildFile; fileRef = 607540DB1B71FCF80070E215 /* FollowMeViewController.xib */; };
		607540E01B71FE000070E215 /* FollowMeViewController.m in Sources */ = {isa = PBXBuildFile; fileRef = 607540DE1B71FE000070E215 /* FollowMeViewController.m */; };
		60A1F1831B8D8F4100365F93 /* LDTableViewManager.m in Sources */ = {isa = PBXBuildFile; fileRef = 60A1F1821B8D8F4100365F93 /* LDTableViewManager.m */; };
		60A6A9311B8497CE00D7B643 /* CommonButton.m in Sources */ = {isa = PBXBuildFile; fileRef = 60A6A9301B8497CE00D7B643 /* CommonButton.m */; };
		60A950B41B005C76008CA32A /* Default-568h@2x.png in Resources */ = {isa = PBXBuildFile; fileRef = 60A950B31B005C76008CA32A /* Default-568h@2x.png */; };
		60B8517B1B72195200D37F3F /* LDUserRequest.m in Sources */ = {isa = PBXBuildFile; fileRef = 60B8517A1B72195200D37F3F /* LDUserRequest.m */; };
		60DFB3111AF8D75300311D3A /* LoginViewController.m in Sources */ = {isa = PBXBuildFile; fileRef = 60DFB3101AF8D75300311D3A /* LoginViewController.m */; };
		60DFB3141AF8D77E00311D3A /* RegisterFirstViewController.m in Sources */ = {isa = PBXBuildFile; fileRef = 60DFB3131AF8D77E00311D3A /* RegisterFirstViewController.m */; };
		60DFB3171AF8D7A300311D3A /* RegisterStepOneViewController.m in Sources */ = {isa = PBXBuildFile; fileRef = 60DFB3161AF8D7A300311D3A /* RegisterStepOneViewController.m */; };
		60DFB31A1AF8D7B200311D3A /* RegisterStepTwoViewController.m in Sources */ = {isa = PBXBuildFile; fileRef = 60DFB3191AF8D7B200311D3A /* RegisterStepTwoViewController.m */; };
		60E6E21F1ADE383F0026CDC3 /* main.m in Sources */ = {isa = PBXBuildFile; fileRef = 60E6E21E1ADE383F0026CDC3 /* main.m */; };
		60E6E2221ADE383F0026CDC3 /* AppDelegate.m in Sources */ = {isa = PBXBuildFile; fileRef = 60E6E2211ADE383F0026CDC3 /* AppDelegate.m */; };
		60E6E2251ADE383F0026CDC3 /* FirstViewController.m in Sources */ = {isa = PBXBuildFile; fileRef = 60E6E2241ADE383F0026CDC3 /* FirstViewController.m */; };
		60E6E2281ADE383F0026CDC3 /* SecondViewController.m in Sources */ = {isa = PBXBuildFile; fileRef = 60E6E2271ADE383F0026CDC3 /* SecondViewController.m */; };
		60E6E22B1ADE383F0026CDC3 /* Main.storyboard in Resources */ = {isa = PBXBuildFile; fileRef = 60E6E2291ADE383F0026CDC3 /* Main.storyboard */; };
		60E6E22D1ADE383F0026CDC3 /* Images.xcassets in Resources */ = {isa = PBXBuildFile; fileRef = 60E6E22C1ADE383F0026CDC3 /* Images.xcassets */; };
		60E6E23C1ADE383F0026CDC3 /* letsdateTests.m in Sources */ = {isa = PBXBuildFile; fileRef = 60E6E23B1ADE383F0026CDC3 /* letsdateTests.m */; };
		60E6E2B61ADE46100026CDC3 /* NSDictionary+Additions.m in Sources */ = {isa = PBXBuildFile; fileRef = 60E6E2471ADE46100026CDC3 /* NSDictionary+Additions.m */; };
		60E6E2B71ADE46100026CDC3 /* UIColor+Additions.m in Sources */ = {isa = PBXBuildFile; fileRef = 60E6E2491ADE46100026CDC3 /* UIColor+Additions.m */; };
		60E6E2B81ADE46100026CDC3 /* UIViewAdditions.m in Sources */ = {isa = PBXBuildFile; fileRef = 60E6E24B1ADE46100026CDC3 /* UIViewAdditions.m */; };
		60E6E2BB1ADE46100026CDC3 /* CacheManager.m in Sources */ = {isa = PBXBuildFile; fileRef = 60E6E2551ADE46100026CDC3 /* CacheManager.m */; };
		60E6E2BC1ADE46100026CDC3 /* Common.m in Sources */ = {isa = PBXBuildFile; fileRef = 60E6E2571ADE46100026CDC3 /* Common.m */; };
		60E6E2BE1ADE46100026CDC3 /* KeyChainUtils.m in Sources */ = {isa = PBXBuildFile; fileRef = 60E6E25B1ADE46100026CDC3 /* KeyChainUtils.m */; settings = {COMPILER_FLAGS = "-fno-objc-arc"; }; };
		60E6E2BF1ADE46100026CDC3 /* BaseViewController.m in Sources */ = {isa = PBXBuildFile; fileRef = 60E6E25E1ADE46100026CDC3 /* BaseViewController.m */; };
		60E6E2C01ADE46100026CDC3 /* WebViewController.m in Sources */ = {isa = PBXBuildFile; fileRef = 60E6E2601ADE46100026CDC3 /* WebViewController.m */; };
		60E6E2E51ADE4F7D0026CDC3 /* CFNetwork.framework in Frameworks */ = {isa = PBXBuildFile; fileRef = 60E6E2E41ADE4F7D0026CDC3 /* CFNetwork.framework */; };
		60E6E3211ADE5B8B0026CDC3 /* LDApiClient.m in Sources */ = {isa = PBXBuildFile; fileRef = 60E6E3201ADE5B8B0026CDC3 /* LDApiClient.m */; };
		60E6E3241ADE5D520026CDC3 /* LDRequest.m in Sources */ = {isa = PBXBuildFile; fileRef = 60E6E3231ADE5D520026CDC3 /* LDRequest.m */; };
		60E6E32D1ADE65910026CDC3 /* AffairViewController.m in Sources */ = {isa = PBXBuildFile; fileRef = 60E6E32C1ADE65910026CDC3 /* AffairViewController.m */; };
		60E6E3301ADE65A50026CDC3 /* MeViewController.m in Sources */ = {isa = PBXBuildFile; fileRef = 60E6E32F1ADE65A50026CDC3 /* MeViewController.m */; };
		60E6E3331ADE65BC0026CDC3 /* MemberViewController.m in Sources */ = {isa = PBXBuildFile; fileRef = 60E6E3321ADE65BC0026CDC3 /* MemberViewController.m */; };
		60E6E3361ADE65CA0026CDC3 /* MessageViewController.m in Sources */ = {isa = PBXBuildFile; fileRef = 60E6E3351ADE65CA0026CDC3 /* MessageViewController.m */; };
		60E6E3391ADE65DB0026CDC3 /* ActivityViewController.m in Sources */ = {isa = PBXBuildFile; fileRef = 60E6E3381ADE65DB0026CDC3 /* ActivityViewController.m */; };
		F35DA152E9544998B6258E8D /* libPods.a in Frameworks */ = {isa = PBXBuildFile; fileRef = AC35FE9113D847B994085153 /* libPods.a */; };
/* End PBXBuildFile section */

/* Begin PBXContainerItemProxy section */
		60E6E2361ADE383F0026CDC3 /* PBXContainerItemProxy */ = {
			isa = PBXContainerItemProxy;
			containerPortal = 60E6E2111ADE383E0026CDC3 /* Project object */;
			proxyType = 1;
			remoteGlobalIDString = 60E6E2181ADE383E0026CDC3;
			remoteInfo = letsdate;
		};
/* End PBXContainerItemProxy section */

/* Begin PBXFileReference section */
		4BE49E10DA1D20B130046809 /* Pods.release.xcconfig */ = {isa = PBXFileReference; includeInIndex = 1; lastKnownFileType = text.xcconfig; name = Pods.release.xcconfig; path = "Pods/Target Support Files/Pods/Pods.release.xcconfig"; sourceTree = "<group>"; };
		5A79210A1BD1F49600FA79DA /* StoreKit.framework */ = {isa = PBXFileReference; lastKnownFileType = wrapper.framework; name = StoreKit.framework; path = System/Library/Frameworks/StoreKit.framework; sourceTree = SDKROOT; };
		5A79210C1BD1F4C100FA79DA /* StoreUtil.h */ = {isa = PBXFileReference; fileEncoding = 4; lastKnownFileType = sourcecode.c.h; path = StoreUtil.h; sourceTree = "<group>"; };
		5A79210D1BD1F4C100FA79DA /* StoreUtil.m */ = {isa = PBXFileReference; fileEncoding = 4; lastKnownFileType = sourcecode.c.objc; path = StoreUtil.m; sourceTree = "<group>"; };
		5AD8FD4A1B88C747004213A6 /* UIImage+Additions.h */ = {isa = PBXFileReference; fileEncoding = 4; lastKnownFileType = sourcecode.c.h; path = "UIImage+Additions.h"; sourceTree = "<group>"; };
		5AD8FD4B1B88C747004213A6 /* UIImage+Additions.m */ = {isa = PBXFileReference; fileEncoding = 4; lastKnownFileType = sourcecode.c.objc; path = "UIImage+Additions.m"; sourceTree = "<group>"; };
		6023758C1B05E3C000521427 /* UIView+HUD.h */ = {isa = PBXFileReference; fileEncoding = 4; lastKnownFileType = sourcecode.c.h; path = "UIView+HUD.h"; sourceTree = "<group>"; };
		6023758D1B05E3C000521427 /* UIView+HUD.m */ = {isa = PBXFileReference; fileEncoding = 4; lastKnownFileType = sourcecode.c.objc; path = "UIView+HUD.m"; sourceTree = "<group>"; };
		6023758F1B05EF9000521427 /* LatestVisitViewController.h */ = {isa = PBXFileReference; fileEncoding = 4; lastKnownFileType = sourcecode.c.h; path = LatestVisitViewController.h; sourceTree = "<group>"; };
		602375901B05EF9000521427 /* LatestVisitViewController.m */ = {isa = PBXFileReference; fileEncoding = 4; lastKnownFileType = sourcecode.c.objc; path = LatestVisitViewController.m; sourceTree = "<group>"; };
		602375911B05EF9000521427 /* LatestVisitViewController.xib */ = {isa = PBXFileReference; fileEncoding = 4; lastKnownFileType = file.xib; path = LatestVisitViewController.xib; sourceTree = "<group>"; };
		6023CC5F1B8C5421008F8369 /* MyDetailViewController.h */ = {isa = PBXFileReference; fileEncoding = 4; lastKnownFileType = sourcecode.c.h; path = MyDetailViewController.h; sourceTree = "<group>"; };
		6023CC601B8C5421008F8369 /* MyDetailViewController.m */ = {isa = PBXFileReference; fileEncoding = 4; lastKnownFileType = sourcecode.c.objc; path = MyDetailViewController.m; sourceTree = "<group>"; };
		6023CC611B8C5421008F8369 /* MyDetailViewController.xib */ = {isa = PBXFileReference; fileEncoding = 4; lastKnownFileType = file.xib; path = MyDetailViewController.xib; sourceTree = "<group>"; };
		6023CC641B8C5454008F8369 /* SettingViewController.h */ = {isa = PBXFileReference; fileEncoding = 4; lastKnownFileType = sourcecode.c.h; path = SettingViewController.h; sourceTree = "<group>"; };
		6023CC651B8C5454008F8369 /* SettingViewController.m */ = {isa = PBXFileReference; fileEncoding = 4; lastKnownFileType = sourcecode.c.objc; path = SettingViewController.m; sourceTree = "<group>"; };
		6023CC661B8C5454008F8369 /* SettingViewController.xib */ = {isa = PBXFileReference; fileEncoding = 4; lastKnownFileType = file.xib; path = SettingViewController.xib; sourceTree = "<group>"; };
		6030714D1B8C6A7C003EF934 /* LDRecordCell.h */ = {isa = PBXFileReference; fileEncoding = 4; lastKnownFileType = sourcecode.c.h; path = LDRecordCell.h; sourceTree = "<group>"; };
		6030714E1B8C6A7C003EF934 /* LDRecordCell.m */ = {isa = PBXFileReference; fileEncoding = 4; lastKnownFileType = sourcecode.c.objc; path = LDRecordCell.m; sourceTree = "<group>"; };
		6030714F1B8C6A7C003EF934 /* LDRecordCell.xib */ = {isa = PBXFileReference; fileEncoding = 4; lastKnownFileType = file.xib; path = LDRecordCell.xib; sourceTree = "<group>"; };
		603071521B8C6CD8003EF934 /* MyVisitViewController.h */ = {isa = PBXFileReference; fileEncoding = 4; lastKnownFileType = sourcecode.c.h; path = MyVisitViewController.h; sourceTree = "<group>"; };
		603071531B8C6CD8003EF934 /* MyVisitViewController.m */ = {isa = PBXFileReference; fileEncoding = 4; lastKnownFileType = sourcecode.c.objc; path = MyVisitViewController.m; sourceTree = "<group>"; };
		603071541B8C6CD8003EF934 /* MyVisitViewController.xib */ = {isa = PBXFileReference; fileEncoding = 4; lastKnownFileType = file.xib; path = MyVisitViewController.xib; sourceTree = "<group>"; };
		603071571B8C6CF1003EF934 /* MyFollowViewController.h */ = {isa = PBXFileReference; fileEncoding = 4; lastKnownFileType = sourcecode.c.h; path = MyFollowViewController.h; sourceTree = "<group>"; };
		603071581B8C6CF1003EF934 /* MyFollowViewController.m */ = {isa = PBXFileReference; fileEncoding = 4; lastKnownFileType = sourcecode.c.objc; path = MyFollowViewController.m; sourceTree = "<group>"; };
		604D2CFB1B8F150A00709C90 /* ResetPasswordViewController.h */ = {isa = PBXFileReference; fileEncoding = 4; lastKnownFileType = sourcecode.c.h; path = ResetPasswordViewController.h; sourceTree = "<group>"; };
		604D2CFC1B8F150A00709C90 /* ResetPasswordViewController.m */ = {isa = PBXFileReference; fileEncoding = 4; lastKnownFileType = sourcecode.c.objc; path = ResetPasswordViewController.m; sourceTree = "<group>"; };
		604D2CFD1B8F150A00709C90 /* ResetPasswordViewController.xib */ = {isa = PBXFileReference; fileEncoding = 4; lastKnownFileType = file.xib; path = ResetPasswordViewController.xib; sourceTree = "<group>"; };
		605844141B86F1E300C925AC /* LDUserModel.h */ = {isa = PBXFileReference; fileEncoding = 4; lastKnownFileType = sourcecode.c.h; path = LDUserModel.h; sourceTree = "<group>"; };
		605844151B86F1E300C925AC /* LDUserModel.m */ = {isa = PBXFileReference; fileEncoding = 4; lastKnownFileType = sourcecode.c.objc; path = LDUserModel.m; sourceTree = "<group>"; };
		605844171B86F3C200C925AC /* LDFileManager.h */ = {isa = PBXFileReference; fileEncoding = 4; lastKnownFileType = sourcecode.c.h; path = LDFileManager.h; sourceTree = "<group>"; };
		605844181B86F3C200C925AC /* LDFileManager.m */ = {isa = PBXFileReference; fileEncoding = 4; lastKnownFileType = sourcecode.c.objc; path = LDFileManager.m; sourceTree = "<group>"; };
		607540DB1B71FCF80070E215 /* FollowMeViewController.xib */ = {isa = PBXFileReference; fileEncoding = 4; lastKnownFileType = file.xib; path = FollowMeViewController.xib; sourceTree = "<group>"; };
		607540DD1B71FE000070E215 /* FollowMeViewController.h */ = {isa = PBXFileReference; fileEncoding = 4; lastKnownFileType = sourcecode.c.h; path = FollowMeViewController.h; sourceTree = "<group>"; };
		607540DE1B71FE000070E215 /* FollowMeViewController.m */ = {isa = PBXFileReference; fileEncoding = 4; lastKnownFileType = sourcecode.c.objc; path = FollowMeViewController.m; sourceTree = "<group>"; };
		60A1F1811B8D8F4100365F93 /* LDTableViewManager.h */ = {isa = PBXFileReference; fileEncoding = 4; lastKnownFileType = sourcecode.c.h; path = LDTableViewManager.h; sourceTree = "<group>"; };
		60A1F1821B8D8F4100365F93 /* LDTableViewManager.m */ = {isa = PBXFileReference; fileEncoding = 4; lastKnownFileType = sourcecode.c.objc; path = LDTableViewManager.m; sourceTree = "<group>"; };
		60A6A92F1B8497CE00D7B643 /* CommonButton.h */ = {isa = PBXFileReference; fileEncoding = 4; lastKnownFileType = sourcecode.c.h; path = CommonButton.h; sourceTree = "<group>"; };
		60A6A9301B8497CE00D7B643 /* CommonButton.m */ = {isa = PBXFileReference; fileEncoding = 4; lastKnownFileType = sourcecode.c.objc; path = CommonButton.m; sourceTree = "<group>"; };
		60A950B31B005C76008CA32A /* Default-568h@2x.png */ = {isa = PBXFileReference; lastKnownFileType = image.png; name = "Default-568h@2x.png"; path = "../Default-568h@2x.png"; sourceTree = "<group>"; };
		60B851791B72195200D37F3F /* LDUserRequest.h */ = {isa = PBXFileReference; fileEncoding = 4; lastKnownFileType = sourcecode.c.h; path = LDUserRequest.h; sourceTree = "<group>"; };
		60B8517A1B72195200D37F3F /* LDUserRequest.m */ = {isa = PBXFileReference; fileEncoding = 4; lastKnownFileType = sourcecode.c.objc; path = LDUserRequest.m; sourceTree = "<group>"; };
		60DFB30F1AF8D75300311D3A /* LoginViewController.h */ = {isa = PBXFileReference; fileEncoding = 4; lastKnownFileType = sourcecode.c.h; path = LoginViewController.h; sourceTree = "<group>"; };
		60DFB3101AF8D75300311D3A /* LoginViewController.m */ = {isa = PBXFileReference; fileEncoding = 4; lastKnownFileType = sourcecode.c.objc; path = LoginViewController.m; sourceTree = "<group>"; };
		60DFB3121AF8D77E00311D3A /* RegisterFirstViewController.h */ = {isa = PBXFileReference; fileEncoding = 4; lastKnownFileType = sourcecode.c.h; path = RegisterFirstViewController.h; sourceTree = "<group>"; };
		60DFB3131AF8D77E00311D3A /* RegisterFirstViewController.m */ = {isa = PBXFileReference; fileEncoding = 4; lastKnownFileType = sourcecode.c.objc; path = RegisterFirstViewController.m; sourceTree = "<group>"; };
		60DFB3151AF8D7A300311D3A /* RegisterStepOneViewController.h */ = {isa = PBXFileReference; fileEncoding = 4; lastKnownFileType = sourcecode.c.h; path = RegisterStepOneViewController.h; sourceTree = "<group>"; };
		60DFB3161AF8D7A300311D3A /* RegisterStepOneViewController.m */ = {isa = PBXFileReference; fileEncoding = 4; lastKnownFileType = sourcecode.c.objc; path = RegisterStepOneViewController.m; sourceTree = "<group>"; };
		60DFB3181AF8D7B200311D3A /* RegisterStepTwoViewController.h */ = {isa = PBXFileReference; fileEncoding = 4; lastKnownFileType = sourcecode.c.h; path = RegisterStepTwoViewController.h; sourceTree = "<group>"; };
		60DFB3191AF8D7B200311D3A /* RegisterStepTwoViewController.m */ = {isa = PBXFileReference; fileEncoding = 4; lastKnownFileType = sourcecode.c.objc; path = RegisterStepTwoViewController.m; sourceTree = "<group>"; };
		60E6E2191ADE383E0026CDC3 /* letsdate.app */ = {isa = PBXFileReference; explicitFileType = wrapper.application; includeInIndex = 0; path = letsdate.app; sourceTree = BUILT_PRODUCTS_DIR; };
		60E6E21D1ADE383F0026CDC3 /* Info.plist */ = {isa = PBXFileReference; lastKnownFileType = text.plist.xml; path = Info.plist; sourceTree = "<group>"; };
		60E6E21E1ADE383F0026CDC3 /* main.m */ = {isa = PBXFileReference; lastKnownFileType = sourcecode.c.objc; path = main.m; sourceTree = "<group>"; };
		60E6E2201ADE383F0026CDC3 /* AppDelegate.h */ = {isa = PBXFileReference; lastKnownFileType = sourcecode.c.h; path = AppDelegate.h; sourceTree = "<group>"; };
		60E6E2211ADE383F0026CDC3 /* AppDelegate.m */ = {isa = PBXFileReference; lastKnownFileType = sourcecode.c.objc; path = AppDelegate.m; sourceTree = "<group>"; };
		60E6E2231ADE383F0026CDC3 /* FirstViewController.h */ = {isa = PBXFileReference; lastKnownFileType = sourcecode.c.h; path = FirstViewController.h; sourceTree = "<group>"; };
		60E6E2241ADE383F0026CDC3 /* FirstViewController.m */ = {isa = PBXFileReference; lastKnownFileType = sourcecode.c.objc; path = FirstViewController.m; sourceTree = "<group>"; };
		60E6E2261ADE383F0026CDC3 /* SecondViewController.h */ = {isa = PBXFileReference; lastKnownFileType = sourcecode.c.h; path = SecondViewController.h; sourceTree = "<group>"; };
		60E6E2271ADE383F0026CDC3 /* SecondViewController.m */ = {isa = PBXFileReference; lastKnownFileType = sourcecode.c.objc; path = SecondViewController.m; sourceTree = "<group>"; };
		60E6E22A1ADE383F0026CDC3 /* Base */ = {isa = PBXFileReference; lastKnownFileType = file.storyboard; name = Base; path = Base.lproj/Main.storyboard; sourceTree = "<group>"; };
		60E6E22C1ADE383F0026CDC3 /* Images.xcassets */ = {isa = PBXFileReference; lastKnownFileType = folder.assetcatalog; path = Images.xcassets; sourceTree = "<group>"; };
		60E6E2351ADE383F0026CDC3 /* letsdateTests.xctest */ = {isa = PBXFileReference; explicitFileType = wrapper.cfbundle; includeInIndex = 0; path = letsdateTests.xctest; sourceTree = BUILT_PRODUCTS_DIR; };
		60E6E23A1ADE383F0026CDC3 /* Info.plist */ = {isa = PBXFileReference; lastKnownFileType = text.plist.xml; path = Info.plist; sourceTree = "<group>"; };
		60E6E23B1ADE383F0026CDC3 /* letsdateTests.m */ = {isa = PBXFileReference; lastKnownFileType = sourcecode.c.objc; path = letsdateTests.m; sourceTree = "<group>"; };
		60E6E2461ADE46100026CDC3 /* NSDictionary+Additions.h */ = {isa = PBXFileReference; fileEncoding = 4; lastKnownFileType = sourcecode.c.h; path = "NSDictionary+Additions.h"; sourceTree = "<group>"; };
		60E6E2471ADE46100026CDC3 /* NSDictionary+Additions.m */ = {isa = PBXFileReference; fileEncoding = 4; lastKnownFileType = sourcecode.c.objc; path = "NSDictionary+Additions.m"; sourceTree = "<group>"; };
		60E6E2481ADE46100026CDC3 /* UIColor+Additions.h */ = {isa = PBXFileReference; fileEncoding = 4; lastKnownFileType = sourcecode.c.h; path = "UIColor+Additions.h"; sourceTree = "<group>"; };
		60E6E2491ADE46100026CDC3 /* UIColor+Additions.m */ = {isa = PBXFileReference; fileEncoding = 4; lastKnownFileType = sourcecode.c.objc; path = "UIColor+Additions.m"; sourceTree = "<group>"; };
		60E6E24A1ADE46100026CDC3 /* UIViewAdditions.h */ = {isa = PBXFileReference; fileEncoding = 4; lastKnownFileType = sourcecode.c.h; path = UIViewAdditions.h; sourceTree = "<group>"; };
		60E6E24B1ADE46100026CDC3 /* UIViewAdditions.m */ = {isa = PBXFileReference; fileEncoding = 4; lastKnownFileType = sourcecode.c.objc; path = UIViewAdditions.m; sourceTree = "<group>"; };
		60E6E2541ADE46100026CDC3 /* CacheManager.h */ = {isa = PBXFileReference; fileEncoding = 4; lastKnownFileType = sourcecode.c.h; path = CacheManager.h; sourceTree = "<group>"; };
		60E6E2551ADE46100026CDC3 /* CacheManager.m */ = {isa = PBXFileReference; fileEncoding = 4; lastKnownFileType = sourcecode.c.objc; path = CacheManager.m; sourceTree = "<group>"; };
		60E6E2561ADE46100026CDC3 /* Common.h */ = {isa = PBXFileReference; fileEncoding = 4; lastKnownFileType = sourcecode.c.h; path = Common.h; sourceTree = "<group>"; };
		60E6E2571ADE46100026CDC3 /* Common.m */ = {isa = PBXFileReference; fileEncoding = 4; lastKnownFileType = sourcecode.c.objc; path = Common.m; sourceTree = "<group>"; };
		60E6E25A1ADE46100026CDC3 /* KeyChainUtils.h */ = {isa = PBXFileReference; fileEncoding = 4; lastKnownFileType = sourcecode.c.h; path = KeyChainUtils.h; sourceTree = "<group>"; };
		60E6E25B1ADE46100026CDC3 /* KeyChainUtils.m */ = {isa = PBXFileReference; fileEncoding = 4; lastKnownFileType = sourcecode.c.objc; path = KeyChainUtils.m; sourceTree = "<group>"; };
		60E6E25D1ADE46100026CDC3 /* BaseViewController.h */ = {isa = PBXFileReference; fileEncoding = 4; lastKnownFileType = sourcecode.c.h; path = BaseViewController.h; sourceTree = "<group>"; };
		60E6E25E1ADE46100026CDC3 /* BaseViewController.m */ = {isa = PBXFileReference; fileEncoding = 4; lastKnownFileType = sourcecode.c.objc; path = BaseViewController.m; sourceTree = "<group>"; };
		60E6E25F1ADE46100026CDC3 /* WebViewController.h */ = {isa = PBXFileReference; fileEncoding = 4; lastKnownFileType = sourcecode.c.h; path = WebViewController.h; sourceTree = "<group>"; };
		60E6E2601ADE46100026CDC3 /* WebViewController.m */ = {isa = PBXFileReference; fileEncoding = 4; lastKnownFileType = sourcecode.c.objc; path = WebViewController.m; sourceTree = "<group>"; };
		60E6E2E31ADE48700026CDC3 /* LetsDate-Prefix.pch */ = {isa = PBXFileReference; fileEncoding = 4; lastKnownFileType = sourcecode.c.h; path = "LetsDate-Prefix.pch"; sourceTree = "<group>"; };
		60E6E2E41ADE4F7D0026CDC3 /* CFNetwork.framework */ = {isa = PBXFileReference; lastKnownFileType = wrapper.framework; name = CFNetwork.framework; path = System/Library/Frameworks/CFNetwork.framework; sourceTree = SDKROOT; };
		60E6E2E61ADE4FB20026CDC3 /* libxml2.dylib */ = {isa = PBXFileReference; lastKnownFileType = "compiled.mach-o.dylib"; name = libxml2.dylib; path = usr/lib/libxml2.dylib; sourceTree = SDKROOT; };
		60E6E31F1ADE5B8B0026CDC3 /* LDApiClient.h */ = {isa = PBXFileReference; fileEncoding = 4; lastKnownFileType = sourcecode.c.h; path = LDApiClient.h; sourceTree = "<group>"; };
		60E6E3201ADE5B8B0026CDC3 /* LDApiClient.m */ = {isa = PBXFileReference; fileEncoding = 4; lastKnownFileType = sourcecode.c.objc; path = LDApiClient.m; sourceTree = "<group>"; };
		60E6E3221ADE5D520026CDC3 /* LDRequest.h */ = {isa = PBXFileReference; fileEncoding = 4; lastKnownFileType = sourcecode.c.h; path = LDRequest.h; sourceTree = "<group>"; };
		60E6E3231ADE5D520026CDC3 /* LDRequest.m */ = {isa = PBXFileReference; fileEncoding = 4; lastKnownFileType = sourcecode.c.objc; path = LDRequest.m; sourceTree = "<group>"; };
		60E6E3251ADE61B50026CDC3 /* ClientConfigure.h */ = {isa = PBXFileReference; lastKnownFileType = sourcecode.c.h; path = ClientConfigure.h; sourceTree = "<group>"; };
		60E6E32B1ADE65910026CDC3 /* AffairViewController.h */ = {isa = PBXFileReference; fileEncoding = 4; lastKnownFileType = sourcecode.c.h; path = AffairViewController.h; sourceTree = "<group>"; };
		60E6E32C1ADE65910026CDC3 /* AffairViewController.m */ = {isa = PBXFileReference; fileEncoding = 4; lastKnownFileType = sourcecode.c.objc; path = AffairViewController.m; sourceTree = "<group>"; };
		60E6E32E1ADE65A50026CDC3 /* MeViewController.h */ = {isa = PBXFileReference; fileEncoding = 4; lastKnownFileType = sourcecode.c.h; path = MeViewController.h; sourceTree = "<group>"; };
		60E6E32F1ADE65A50026CDC3 /* MeViewController.m */ = {isa = PBXFileReference; fileEncoding = 4; lastKnownFileType = sourcecode.c.objc; path = MeViewController.m; sourceTree = "<group>"; };
		60E6E3311ADE65BC0026CDC3 /* MemberViewController.h */ = {isa = PBXFileReference; fileEncoding = 4; lastKnownFileType = sourcecode.c.h; path = MemberViewController.h; sourceTree = "<group>"; };
		60E6E3321ADE65BC0026CDC3 /* MemberViewController.m */ = {isa = PBXFileReference; fileEncoding = 4; lastKnownFileType = sourcecode.c.objc; path = MemberViewController.m; sourceTree = "<group>"; };
		60E6E3341ADE65CA0026CDC3 /* MessageViewController.h */ = {isa = PBXFileReference; fileEncoding = 4; lastKnownFileType = sourcecode.c.h; path = MessageViewController.h; sourceTree = "<group>"; };
		60E6E3351ADE65CA0026CDC3 /* MessageViewController.m */ = {isa = PBXFileReference; fileEncoding = 4; lastKnownFileType = sourcecode.c.objc; path = MessageViewController.m; sourceTree = "<group>"; };
		60E6E3371ADE65DB0026CDC3 /* ActivityViewController.h */ = {isa = PBXFileReference; fileEncoding = 4; lastKnownFileType = sourcecode.c.h; path = ActivityViewController.h; sourceTree = "<group>"; };
		60E6E3381ADE65DB0026CDC3 /* ActivityViewController.m */ = {isa = PBXFileReference; fileEncoding = 4; lastKnownFileType = sourcecode.c.objc; path = ActivityViewController.m; sourceTree = "<group>"; };
		AC35FE9113D847B994085153 /* libPods.a */ = {isa = PBXFileReference; explicitFileType = archive.ar; includeInIndex = 0; path = libPods.a; sourceTree = BUILT_PRODUCTS_DIR; };
		DE18913996469CD718BF4965 /* Pods.debug.xcconfig */ = {isa = PBXFileReference; includeInIndex = 1; lastKnownFileType = text.xcconfig; name = Pods.debug.xcconfig; path = "Pods/Target Support Files/Pods/Pods.debug.xcconfig"; sourceTree = "<group>"; };
/* End PBXFileReference section */

/* Begin PBXFrameworksBuildPhase section */
		60E6E2161ADE383E0026CDC3 /* Frameworks */ = {
			isa = PBXFrameworksBuildPhase;
			buildActionMask = 2147483647;
			files = (
				5A79210B1BD1F49600FA79DA /* StoreKit.framework in Frameworks */,
				60E6E2E51ADE4F7D0026CDC3 /* CFNetwork.framework in Frameworks */,
				F35DA152E9544998B6258E8D /* libPods.a in Frameworks */,
			);
			runOnlyForDeploymentPostprocessing = 0;
		};
		60E6E2321ADE383F0026CDC3 /* Frameworks */ = {
			isa = PBXFrameworksBuildPhase;
			buildActionMask = 2147483647;
			files = (
			);
			runOnlyForDeploymentPostprocessing = 0;
		};
/* End PBXFrameworksBuildPhase section */

/* Begin PBXGroup section */
		1B715FFF5CBDD621AC2B0863 /* Pods */ = {
			isa = PBXGroup;
			children = (
				DE18913996469CD718BF4965 /* Pods.debug.xcconfig */,
				4BE49E10DA1D20B130046809 /* Pods.release.xcconfig */,
			);
			name = Pods;
			sourceTree = "<group>";
		};
		60DFB30D1AF8D73E00311D3A /* Register */ = {
			isa = PBXGroup;
			children = (
				60DFB3121AF8D77E00311D3A /* RegisterFirstViewController.h */,
				60DFB3131AF8D77E00311D3A /* RegisterFirstViewController.m */,
				60DFB3151AF8D7A300311D3A /* RegisterStepOneViewController.h */,
				60DFB3161AF8D7A300311D3A /* RegisterStepOneViewController.m */,
				60DFB3181AF8D7B200311D3A /* RegisterStepTwoViewController.h */,
				60DFB3191AF8D7B200311D3A /* RegisterStepTwoViewController.m */,
			);
			path = Register;
			sourceTree = "<group>";
		};
		60DFB30E1AF8D73E00311D3A /* Login */ = {
			isa = PBXGroup;
			children = (
				60DFB30F1AF8D75300311D3A /* LoginViewController.h */,
				60DFB3101AF8D75300311D3A /* LoginViewController.m */,
			);
			path = Login;
			sourceTree = "<group>";
		};
		60E6E2101ADE383E0026CDC3 = {
			isa = PBXGroup;
			children = (
				60E6E21B1ADE383E0026CDC3 /* letsdate */,
				60E6E2381ADE383F0026CDC3 /* letsdateTests */,
				60E6E21A1ADE383E0026CDC3 /* Products */,
				EEC8057D1B8C4721ADBCA051 /* Frameworks */,
				1B715FFF5CBDD621AC2B0863 /* Pods */,
			);
			sourceTree = "<group>";
		};
		60E6E21A1ADE383E0026CDC3 /* Products */ = {
			isa = PBXGroup;
			children = (
				60E6E2191ADE383E0026CDC3 /* letsdate.app */,
				60E6E2351ADE383F0026CDC3 /* letsdateTests.xctest */,
			);
			name = Products;
			sourceTree = "<group>";
		};
		60E6E21B1ADE383E0026CDC3 /* letsdate */ = {
			isa = PBXGroup;
			children = (
				60E6E24C1ADE46100026CDC3 /* Managers */,
				60E6E24D1ADE46100026CDC3 /* Models */,
				60E6E25C1ADE46100026CDC3 /* ViewControllers */,
				60E6E2611ADE46100026CDC3 /* Views */,
				60E6E2451ADE46100026CDC3 /* Additions */,
				60E6E24E1ADE46100026CDC3 /* NetClient */,
				60E6E2531ADE46100026CDC3 /* Utils */,
				60E6E2201ADE383F0026CDC3 /* AppDelegate.h */,
				60E6E2211ADE383F0026CDC3 /* AppDelegate.m */,
				60E6E2231ADE383F0026CDC3 /* FirstViewController.h */,
				60E6E2241ADE383F0026CDC3 /* FirstViewController.m */,
				60E6E2261ADE383F0026CDC3 /* SecondViewController.h */,
				60E6E2271ADE383F0026CDC3 /* SecondViewController.m */,
				60E6E2291ADE383F0026CDC3 /* Main.storyboard */,
				60E6E22C1ADE383F0026CDC3 /* Images.xcassets */,
				60E6E21C1ADE383E0026CDC3 /* Supporting Files */,
			);
			path = letsdate;
			sourceTree = "<group>";
		};
		60E6E21C1ADE383E0026CDC3 /* Supporting Files */ = {
			isa = PBXGroup;
			children = (
				60A950B31B005C76008CA32A /* Default-568h@2x.png */,
				60E6E2E61ADE4FB20026CDC3 /* libxml2.dylib */,
				60E6E2E41ADE4F7D0026CDC3 /* CFNetwork.framework */,
				60E6E2E31ADE48700026CDC3 /* LetsDate-Prefix.pch */,
				60E6E21D1ADE383F0026CDC3 /* Info.plist */,
				60E6E21E1ADE383F0026CDC3 /* main.m */,
			);
			name = "Supporting Files";
			sourceTree = "<group>";
		};
		60E6E2381ADE383F0026CDC3 /* letsdateTests */ = {
			isa = PBXGroup;
			children = (
				60E6E23B1ADE383F0026CDC3 /* letsdateTests.m */,
				60E6E2391ADE383F0026CDC3 /* Supporting Files */,
			);
			path = letsdateTests;
			sourceTree = "<group>";
		};
		60E6E2391ADE383F0026CDC3 /* Supporting Files */ = {
			isa = PBXGroup;
			children = (
				60E6E23A1ADE383F0026CDC3 /* Info.plist */,
			);
			name = "Supporting Files";
			sourceTree = "<group>";
		};
		60E6E2451ADE46100026CDC3 /* Additions */ = {
			isa = PBXGroup;
			children = (
				60E6E2461ADE46100026CDC3 /* NSDictionary+Additions.h */,
				60E6E2471ADE46100026CDC3 /* NSDictionary+Additions.m */,
				60E6E2481ADE46100026CDC3 /* UIColor+Additions.h */,
				60E6E2491ADE46100026CDC3 /* UIColor+Additions.m */,
				60E6E24A1ADE46100026CDC3 /* UIViewAdditions.h */,
				60E6E24B1ADE46100026CDC3 /* UIViewAdditions.m */,
				6023758C1B05E3C000521427 /* UIView+HUD.h */,
				6023758D1B05E3C000521427 /* UIView+HUD.m */,
				5AD8FD4A1B88C747004213A6 /* UIImage+Additions.h */,
				5AD8FD4B1B88C747004213A6 /* UIImage+Additions.m */,
			);
			path = Additions;
			sourceTree = "<group>";
		};
		60E6E24C1ADE46100026CDC3 /* Managers */ = {
			isa = PBXGroup;
			children = (
				60A1F1811B8D8F4100365F93 /* LDTableViewManager.h */,
				60A1F1821B8D8F4100365F93 /* LDTableViewManager.m */,
			);
			path = Managers;
			sourceTree = "<group>";
		};
		60E6E24D1ADE46100026CDC3 /* Models */ = {
			isa = PBXGroup;
			children = (
				605844141B86F1E300C925AC /* LDUserModel.h */,
				605844151B86F1E300C925AC /* LDUserModel.m */,
			);
			path = Models;
			sourceTree = "<group>";
		};
		60E6E24E1ADE46100026CDC3 /* NetClient */ = {
			isa = PBXGroup;
			children = (
				60E6E31F1ADE5B8B0026CDC3 /* LDApiClient.h */,
				60E6E3201ADE5B8B0026CDC3 /* LDApiClient.m */,
				60E6E3221ADE5D520026CDC3 /* LDRequest.h */,
				60E6E3231ADE5D520026CDC3 /* LDRequest.m */,
				60B851791B72195200D37F3F /* LDUserRequest.h */,
				60B8517A1B72195200D37F3F /* LDUserRequest.m */,
				60E6E3251ADE61B50026CDC3 /* ClientConfigure.h */,
			);
			path = NetClient;
			sourceTree = "<group>";
		};
		60E6E2531ADE46100026CDC3 /* Utils */ = {
			isa = PBXGroup;
			children = (
				60E6E2541ADE46100026CDC3 /* CacheManager.h */,
				60E6E2551ADE46100026CDC3 /* CacheManager.m */,
				60E6E2561ADE46100026CDC3 /* Common.h */,
				60E6E2571ADE46100026CDC3 /* Common.m */,
				60E6E25A1ADE46100026CDC3 /* KeyChainUtils.h */,
				60E6E25B1ADE46100026CDC3 /* KeyChainUtils.m */,
				605844171B86F3C200C925AC /* LDFileManager.h */,
				605844181B86F3C200C925AC /* LDFileManager.m */,
				5A79210C1BD1F4C100FA79DA /* StoreUtil.h */,
				5A79210D1BD1F4C100FA79DA /* StoreUtil.m */,
			);
			path = Utils;
			sourceTree = "<group>";
		};
		60E6E25C1ADE46100026CDC3 /* ViewControllers */ = {
			isa = PBXGroup;
			children = (
				60DFB30D1AF8D73E00311D3A /* Register */,
				60DFB30E1AF8D73E00311D3A /* Login */,
				60E6E25D1ADE46100026CDC3 /* BaseViewController.h */,
				60E6E25E1ADE46100026CDC3 /* BaseViewController.m */,
				60E6E25F1ADE46100026CDC3 /* WebViewController.h */,
				60E6E2601ADE46100026CDC3 /* WebViewController.m */,
				60E6E3261ADE65180026CDC3 /* Affair */,
				60E6E3271ADE65180026CDC3 /* Me */,
				60E6E3281ADE65180026CDC3 /* Member */,
				60E6E3291ADE65180026CDC3 /* Message */,
				60E6E32A1ADE65180026CDC3 /* Activity */,
			);
			path = ViewControllers;
			sourceTree = "<group>";
		};
		60E6E2611ADE46100026CDC3 /* Views */ = {
			isa = PBXGroup;
			children = (
				60A6A92F1B8497CE00D7B643 /* CommonButton.h */,
				60A6A9301B8497CE00D7B643 /* CommonButton.m */,
				6030714D1B8C6A7C003EF934 /* LDRecordCell.h */,
				6030714E1B8C6A7C003EF934 /* LDRecordCell.m */,
				6030714F1B8C6A7C003EF934 /* LDRecordCell.xib */,
			);
			path = Views;
			sourceTree = "<group>";
		};
		60E6E3261ADE65180026CDC3 /* Affair */ = {
			isa = PBXGroup;
			children = (
				60E6E32B1ADE65910026CDC3 /* AffairViewController.h */,
				60E6E32C1ADE65910026CDC3 /* AffairViewController.m */,
			);
			path = Affair;
			sourceTree = "<group>";
		};
		60E6E3271ADE65180026CDC3 /* Me */ = {
			isa = PBXGroup;
			children = (
				60E6E32E1ADE65A50026CDC3 /* MeViewController.h */,
				60E6E32F1ADE65A50026CDC3 /* MeViewController.m */,
				6023CC5F1B8C5421008F8369 /* MyDetailViewController.h */,
				6023CC601B8C5421008F8369 /* MyDetailViewController.m */,
				6023CC611B8C5421008F8369 /* MyDetailViewController.xib */,
				6023CC641B8C5454008F8369 /* SettingViewController.h */,
				6023CC651B8C5454008F8369 /* SettingViewController.m */,
				6023CC661B8C5454008F8369 /* SettingViewController.xib */,
				603071521B8C6CD8003EF934 /* MyVisitViewController.h */,
				603071531B8C6CD8003EF934 /* MyVisitViewController.m */,
				603071541B8C6CD8003EF934 /* MyVisitViewController.xib */,
				603071571B8C6CF1003EF934 /* MyFollowViewController.h */,
				603071581B8C6CF1003EF934 /* MyFollowViewController.m */,
				604D2CFB1B8F150A00709C90 /* ResetPasswordViewController.h */,
				604D2CFC1B8F150A00709C90 /* ResetPasswordViewController.m */,
				604D2CFD1B8F150A00709C90 /* ResetPasswordViewController.xib */,
			);
			path = Me;
			sourceTree = "<group>";
		};
		60E6E3281ADE65180026CDC3 /* Member */ = {
			isa = PBXGroup;
			children = (
				60E6E3311ADE65BC0026CDC3 /* MemberViewController.h */,
				60E6E3321ADE65BC0026CDC3 /* MemberViewController.m */,
			);
			path = Member;
			sourceTree = "<group>";
		};
		60E6E3291ADE65180026CDC3 /* Message */ = {
			isa = PBXGroup;
			children = (
				60E6E3341ADE65CA0026CDC3 /* MessageViewController.h */,
				60E6E3351ADE65CA0026CDC3 /* MessageViewController.m */,
			);
			path = Message;
			sourceTree = "<group>";
		};
		60E6E32A1ADE65180026CDC3 /* Activity */ = {
			isa = PBXGroup;
			children = (
				60E6E3371ADE65DB0026CDC3 /* ActivityViewController.h */,
				60E6E3381ADE65DB0026CDC3 /* ActivityViewController.m */,
				6023758F1B05EF9000521427 /* LatestVisitViewController.h */,
				602375901B05EF9000521427 /* LatestVisitViewController.m */,
				602375911B05EF9000521427 /* LatestVisitViewController.xib */,
				607540DD1B71FE000070E215 /* FollowMeViewController.h */,
				607540DE1B71FE000070E215 /* FollowMeViewController.m */,
				607540DB1B71FCF80070E215 /* FollowMeViewController.xib */,
			);
			path = Activity;
			sourceTree = "<group>";
		};
		EEC8057D1B8C4721ADBCA051 /* Frameworks */ = {
			isa = PBXGroup;
			children = (
				5A79210A1BD1F49600FA79DA /* StoreKit.framework */,
				AC35FE9113D847B994085153 /* libPods.a */,
			);
			name = Frameworks;
			sourceTree = "<group>";
		};
/* End PBXGroup section */

/* Begin PBXNativeTarget section */
		60E6E2181ADE383E0026CDC3 /* letsdate */ = {
			isa = PBXNativeTarget;
			buildConfigurationList = 60E6E23F1ADE383F0026CDC3 /* Build configuration list for PBXNativeTarget "letsdate" */;
			buildPhases = (
				64354575A09E45E09BA7747D /* Check Pods Manifest.lock */,
				60E6E2151ADE383E0026CDC3 /* Sources */,
				60E6E2161ADE383E0026CDC3 /* Frameworks */,
				60E6E2171ADE383E0026CDC3 /* Resources */,
				334C3C8E7CB34BA5A7FDE476 /* Copy Pods Resources */,
			);
			buildRules = (
			);
			dependencies = (
			);
			name = letsdate;
			productName = letsdate;
			productReference = 60E6E2191ADE383E0026CDC3 /* letsdate.app */;
			productType = "com.apple.product-type.application";
		};
		60E6E2341ADE383F0026CDC3 /* letsdateTests */ = {
			isa = PBXNativeTarget;
			buildConfigurationList = 60E6E2421ADE383F0026CDC3 /* Build configuration list for PBXNativeTarget "letsdateTests" */;
			buildPhases = (
				60E6E2311ADE383F0026CDC3 /* Sources */,
				60E6E2321ADE383F0026CDC3 /* Frameworks */,
				60E6E2331ADE383F0026CDC3 /* Resources */,
			);
			buildRules = (
			);
			dependencies = (
				60E6E2371ADE383F0026CDC3 /* PBXTargetDependency */,
			);
			name = letsdateTests;
			productName = letsdateTests;
			productReference = 60E6E2351ADE383F0026CDC3 /* letsdateTests.xctest */;
			productType = "com.apple.product-type.bundle.unit-test";
		};
/* End PBXNativeTarget section */

/* Begin PBXProject section */
		60E6E2111ADE383E0026CDC3 /* Project object */ = {
			isa = PBXProject;
			attributes = {
				LastUpgradeCheck = 0610;
				ORGANIZATIONNAME = Maitang;
				TargetAttributes = {
					60E6E2181ADE383E0026CDC3 = {
						CreatedOnToolsVersion = 6.1.1;
					};
					60E6E2341ADE383F0026CDC3 = {
						CreatedOnToolsVersion = 6.1.1;
						TestTargetID = 60E6E2181ADE383E0026CDC3;
					};
				};
			};
			buildConfigurationList = 60E6E2141ADE383E0026CDC3 /* Build configuration list for PBXProject "letsdate" */;
			compatibilityVersion = "Xcode 3.2";
			developmentRegion = English;
			hasScannedForEncodings = 0;
			knownRegions = (
				en,
				Base,
			);
			mainGroup = 60E6E2101ADE383E0026CDC3;
			productRefGroup = 60E6E21A1ADE383E0026CDC3 /* Products */;
			projectDirPath = "";
			projectRoot = "";
			targets = (
				60E6E2181ADE383E0026CDC3 /* letsdate */,
				60E6E2341ADE383F0026CDC3 /* letsdateTests */,
			);
		};
/* End PBXProject section */

/* Begin PBXResourcesBuildPhase section */
		60E6E2171ADE383E0026CDC3 /* Resources */ = {
			isa = PBXResourcesBuildPhase;
			buildActionMask = 2147483647;
			files = (
				603071561B8C6CD8003EF934 /* MyVisitViewController.xib in Resources */,
				604D2CFF1B8F150A00709C90 /* ResetPasswordViewController.xib in Resources */,
				603071511B8C6A7C003EF934 /* LDRecordCell.xib in Resources */,
				6023CC681B8C5454008F8369 /* SettingViewController.xib in Resources */,
				60E6E22B1ADE383F0026CDC3 /* Main.storyboard in Resources */,
				6023CC631B8C5421008F8369 /* MyDetailViewController.xib in Resources */,
				60A950B41B005C76008CA32A /* Default-568h@2x.png in Resources */,
				607540DC1B71FCF80070E215 /* FollowMeViewController.xib in Resources */,
				602375931B05EF9000521427 /* LatestVisitViewController.xib in Resources */,
				60E6E22D1ADE383F0026CDC3 /* Images.xcassets in Resources */,
			);
			runOnlyForDeploymentPostprocessing = 0;
		};
		60E6E2331ADE383F0026CDC3 /* Resources */ = {
			isa = PBXResourcesBuildPhase;
			buildActionMask = 2147483647;
			files = (
			);
			runOnlyForDeploymentPostprocessing = 0;
		};
/* End PBXResourcesBuildPhase section */

/* Begin PBXShellScriptBuildPhase section */
		334C3C8E7CB34BA5A7FDE476 /* Copy Pods Resources */ = {
			isa = PBXShellScriptBuildPhase;
			buildActionMask = 2147483647;
			files = (
			);
			inputPaths = (
			);
			name = "Copy Pods Resources";
			outputPaths = (
			);
			runOnlyForDeploymentPostprocessing = 0;
			shellPath = /bin/sh;
			shellScript = "\"${SRCROOT}/Pods/Target Support Files/Pods/Pods-resources.sh\"\n";
			showEnvVarsInLog = 0;
		};
		64354575A09E45E09BA7747D /* Check Pods Manifest.lock */ = {
			isa = PBXShellScriptBuildPhase;
			buildActionMask = 2147483647;
			files = (
			);
			inputPaths = (
			);
			name = "Check Pods Manifest.lock";
			outputPaths = (
			);
			runOnlyForDeploymentPostprocessing = 0;
			shellPath = /bin/sh;
			shellScript = "diff \"${PODS_ROOT}/../Podfile.lock\" \"${PODS_ROOT}/Manifest.lock\" > /dev/null\nif [[ $? != 0 ]] ; then\n    cat << EOM\nerror: The sandbox is not in sync with the Podfile.lock. Run 'pod install' or update your CocoaPods installation.\nEOM\n    exit 1\nfi\n";
			showEnvVarsInLog = 0;
		};
/* End PBXShellScriptBuildPhase section */

/* Begin PBXSourcesBuildPhase section */
		60E6E2151ADE383E0026CDC3 /* Sources */ = {
			isa = PBXSourcesBuildPhase;
			buildActionMask = 2147483647;
			files = (
				60E6E2C01ADE46100026CDC3 /* WebViewController.m in Sources */,
				60DFB3111AF8D75300311D3A /* LoginViewController.m in Sources */,
				60E6E2BC1ADE46100026CDC3 /* Common.m in Sources */,
				6023CC621B8C5421008F8369 /* MyDetailViewController.m in Sources */,
				603071501B8C6A7C003EF934 /* LDRecordCell.m in Sources */,
				604D2CFE1B8F150A00709C90 /* ResetPasswordViewController.m in Sources */,
				60B8517B1B72195200D37F3F /* LDUserRequest.m in Sources */,
				60E6E2281ADE383F0026CDC3 /* SecondViewController.m in Sources */,
				5AD8FD4C1B88C747004213A6 /* UIImage+Additions.m in Sources */,
				5A79210E1BD1F4C100FA79DA /* StoreUtil.m in Sources */,
				605844191B86F3C200C925AC /* LDFileManager.m in Sources */,
				60E6E3361ADE65CA0026CDC3 /* MessageViewController.m in Sources */,
				603071551B8C6CD8003EF934 /* MyVisitViewController.m in Sources */,
				6030715A1B8C6CF1003EF934 /* MyFollowViewController.m in Sources */,
				60A6A9311B8497CE00D7B643 /* CommonButton.m in Sources */,
				60E6E3301ADE65A50026CDC3 /* MeViewController.m in Sources */,
				605844161B86F1E300C925AC /* LDUserModel.m in Sources */,
				60E6E2221ADE383F0026CDC3 /* AppDelegate.m in Sources */,
				607540E01B71FE000070E215 /* FollowMeViewController.m in Sources */,
				60E6E3241ADE5D520026CDC3 /* LDRequest.m in Sources */,
				60E6E3391ADE65DB0026CDC3 /* ActivityViewController.m in Sources */,
				60E6E3331ADE65BC0026CDC3 /* MemberViewController.m in Sources */,
				60E6E2BF1ADE46100026CDC3 /* BaseViewController.m in Sources */,
				60E6E2B81ADE46100026CDC3 /* UIViewAdditions.m in Sources */,
				6023758E1B05E3C000521427 /* UIView+HUD.m in Sources */,
				60E6E3211ADE5B8B0026CDC3 /* LDApiClient.m in Sources */,
				60E6E32D1ADE65910026CDC3 /* AffairViewController.m in Sources */,
				6023CC671B8C5454008F8369 /* SettingViewController.m in Sources */,
				60E6E2BE1ADE46100026CDC3 /* KeyChainUtils.m in Sources */,
				60DFB3141AF8D77E00311D3A /* RegisterFirstViewController.m in Sources */,
				60A1F1831B8D8F4100365F93 /* LDTableViewManager.m in Sources */,
				60DFB31A1AF8D7B200311D3A /* RegisterStepTwoViewController.m in Sources */,
				60E6E2251ADE383F0026CDC3 /* FirstViewController.m in Sources */,
				60E6E2B61ADE46100026CDC3 /* NSDictionary+Additions.m in Sources */,
				60DFB3171AF8D7A300311D3A /* RegisterStepOneViewController.m in Sources */,
				602375921B05EF9000521427 /* LatestVisitViewController.m in Sources */,
				60E6E2BB1ADE46100026CDC3 /* CacheManager.m in Sources */,
				60E6E21F1ADE383F0026CDC3 /* main.m in Sources */,
				60E6E2B71ADE46100026CDC3 /* UIColor+Additions.m in Sources */,
			);
			runOnlyForDeploymentPostprocessing = 0;
		};
		60E6E2311ADE383F0026CDC3 /* Sources */ = {
			isa = PBXSourcesBuildPhase;
			buildActionMask = 2147483647;
			files = (
				60E6E23C1ADE383F0026CDC3 /* letsdateTests.m in Sources */,
			);
			runOnlyForDeploymentPostprocessing = 0;
		};
/* End PBXSourcesBuildPhase section */

/* Begin PBXTargetDependency section */
		60E6E2371ADE383F0026CDC3 /* PBXTargetDependency */ = {
			isa = PBXTargetDependency;
			target = 60E6E2181ADE383E0026CDC3 /* letsdate */;
			targetProxy = 60E6E2361ADE383F0026CDC3 /* PBXContainerItemProxy */;
		};
/* End PBXTargetDependency section */

/* Begin PBXVariantGroup section */
		60E6E2291ADE383F0026CDC3 /* Main.storyboard */ = {
			isa = PBXVariantGroup;
			children = (
				60E6E22A1ADE383F0026CDC3 /* Base */,
			);
			name = Main.storyboard;
			sourceTree = "<group>";
		};
/* End PBXVariantGroup section */

/* Begin XCBuildConfiguration section */
		60E6E23D1ADE383F0026CDC3 /* Debug */ = {
			isa = XCBuildConfiguration;
			buildSettings = {
				ALWAYS_SEARCH_USER_PATHS = NO;
				CLANG_CXX_LANGUAGE_STANDARD = "gnu++0x";
				CLANG_CXX_LIBRARY = "libc++";
				CLANG_ENABLE_MODULES = YES;
				CLANG_ENABLE_OBJC_ARC = YES;
				CLANG_WARN_BOOL_CONVERSION = YES;
				CLANG_WARN_CONSTANT_CONVERSION = YES;
				CLANG_WARN_DIRECT_OBJC_ISA_USAGE = YES_ERROR;
				CLANG_WARN_EMPTY_BODY = YES;
				CLANG_WARN_ENUM_CONVERSION = YES;
				CLANG_WARN_INT_CONVERSION = YES;
				CLANG_WARN_OBJC_ROOT_CLASS = YES_ERROR;
				CLANG_WARN_UNREACHABLE_CODE = YES;
				CLANG_WARN__DUPLICATE_METHOD_MATCH = YES;
				"CODE_SIGN_IDENTITY[sdk=iphoneos*]" = "iPhone Developer";
				COPY_PHASE_STRIP = NO;
				ENABLE_STRICT_OBJC_MSGSEND = YES;
				GCC_C_LANGUAGE_STANDARD = gnu99;
				GCC_DYNAMIC_NO_PIC = NO;
				GCC_OPTIMIZATION_LEVEL = 0;
				GCC_PREPROCESSOR_DEFINITIONS = (
					"DEBUG=1",
					"$(inherited)",
				);
				GCC_SYMBOLS_PRIVATE_EXTERN = NO;
				GCC_WARN_64_TO_32_BIT_CONVERSION = YES;
				GCC_WARN_ABOUT_RETURN_TYPE = YES_ERROR;
				GCC_WARN_UNDECLARED_SELECTOR = YES;
				GCC_WARN_UNINITIALIZED_AUTOS = YES_AGGRESSIVE;
				GCC_WARN_UNUSED_FUNCTION = YES;
				GCC_WARN_UNUSED_VARIABLE = YES;
				IPHONEOS_DEPLOYMENT_TARGET = 7.0;
				MTL_ENABLE_DEBUG_INFO = YES;
				ONLY_ACTIVE_ARCH = YES;
				SDKROOT = iphoneos;
			};
			name = Debug;
		};
		60E6E23E1ADE383F0026CDC3 /* Release */ = {
			isa = XCBuildConfiguration;
			buildSettings = {
				ALWAYS_SEARCH_USER_PATHS = NO;
				CLANG_CXX_LANGUAGE_STANDARD = "gnu++0x";
				CLANG_CXX_LIBRARY = "libc++";
				CLANG_ENABLE_MODULES = YES;
				CLANG_ENABLE_OBJC_ARC = YES;
				CLANG_WARN_BOOL_CONVERSION = YES;
				CLANG_WARN_CONSTANT_CONVERSION = YES;
				CLANG_WARN_DIRECT_OBJC_ISA_USAGE = YES_ERROR;
				CLANG_WARN_EMPTY_BODY = YES;
				CLANG_WARN_ENUM_CONVERSION = YES;
				CLANG_WARN_INT_CONVERSION = YES;
				CLANG_WARN_OBJC_ROOT_CLASS = YES_ERROR;
				CLANG_WARN_UNREACHABLE_CODE = YES;
				CLANG_WARN__DUPLICATE_METHOD_MATCH = YES;
				"CODE_SIGN_IDENTITY[sdk=iphoneos*]" = "iPhone Developer";
				COPY_PHASE_STRIP = YES;
				ENABLE_NS_ASSERTIONS = NO;
				ENABLE_STRICT_OBJC_MSGSEND = YES;
				GCC_C_LANGUAGE_STANDARD = gnu99;
				GCC_WARN_64_TO_32_BIT_CONVERSION = YES;
				GCC_WARN_ABOUT_RETURN_TYPE = YES_ERROR;
				GCC_WARN_UNDECLARED_SELECTOR = YES;
				GCC_WARN_UNINITIALIZED_AUTOS = YES_AGGRESSIVE;
				GCC_WARN_UNUSED_FUNCTION = YES;
				GCC_WARN_UNUSED_VARIABLE = YES;
				IPHONEOS_DEPLOYMENT_TARGET = 7.0;
				MTL_ENABLE_DEBUG_INFO = NO;
				SDKROOT = iphoneos;
				VALIDATE_PRODUCT = YES;
			};
			name = Release;
		};
		60E6E2401ADE383F0026CDC3 /* Debug */ = {
			isa = XCBuildConfiguration;
			baseConfigurationReference = DE18913996469CD718BF4965 /* Pods.debug.xcconfig */;
			buildSettings = {
				ASSETCATALOG_COMPILER_APPICON_NAME = AppIcon;
				ASSETCATALOG_COMPILER_LAUNCHIMAGE_NAME = LaunchImage;
				CODE_SIGN_IDENTITY = "iPhone Developer: Jingshi Wang (276XSRXM75)";
				ENABLE_BITCODE = NO;
				GCC_PRECOMPILE_PREFIX_HEADER = YES;
				GCC_PREFIX_HEADER = "letsdate/LetsDate-Prefix.pch";
				INFOPLIST_FILE = letsdate/Info.plist;
				IPHONEOS_DEPLOYMENT_TARGET = 7.0;
				LD_RUNPATH_SEARCH_PATHS = "$(inherited) @executable_path/Frameworks";
				PRODUCT_NAME = "$(TARGET_NAME)";
				PROVISIONING_PROFILE = "814befe8-dced-49bf-9541-9cf827d668b1";
			};
			name = Debug;
		};
		60E6E2411ADE383F0026CDC3 /* Release */ = {
			isa = XCBuildConfiguration;
			baseConfigurationReference = 4BE49E10DA1D20B130046809 /* Pods.release.xcconfig */;
			buildSettings = {
				ASSETCATALOG_COMPILER_APPICON_NAME = AppIcon;
				ASSETCATALOG_COMPILER_LAUNCHIMAGE_NAME = LaunchImage;
				CODE_SIGN_IDENTITY = "iPhone Developer: Jingshi Wang (276XSRXM75)";
				ENABLE_BITCODE = NO;
				GCC_PRECOMPILE_PREFIX_HEADER = YES;
				GCC_PREFIX_HEADER = "letsdate/LetsDate-Prefix.pch";
				INFOPLIST_FILE = letsdate/Info.plist;
				IPHONEOS_DEPLOYMENT_TARGET = 7.0;
				LD_RUNPATH_SEARCH_PATHS = "$(inherited) @executable_path/Frameworks";
				PRODUCT_NAME = "$(TARGET_NAME)";
				PROVISIONING_PROFILE = "c5e6ce7e-2c4c-4dd4-b6b8-341ba2fe8aea";
			};
			name = Release;
		};
		60E6E2431ADE383F0026CDC3 /* Debug */ = {
			isa = XCBuildConfiguration;
			buildSettings = {
				BUNDLE_LOADER = "$(TEST_HOST)";
				FRAMEWORK_SEARCH_PATHS = (
					"$(SDKROOT)/Developer/Library/Frameworks",
					"$(inherited)",
				);
				GCC_PREPROCESSOR_DEFINITIONS = (
					"DEBUG=1",
					"$(inherited)",
				);
				INFOPLIST_FILE = letsdateTests/Info.plist;
				LD_RUNPATH_SEARCH_PATHS = "$(inherited) @executable_path/Frameworks @loader_path/Frameworks";
				PRODUCT_NAME = "$(TARGET_NAME)";
				TEST_HOST = "$(BUILT_PRODUCTS_DIR)/letsdate.app/letsdate";
			};
			name = Debug;
		};
		60E6E2441ADE383F0026CDC3 /* Release */ = {
			isa = XCBuildConfiguration;
			buildSettings = {
				BUNDLE_LOADER = "$(TEST_HOST)";
				FRAMEWORK_SEARCH_PATHS = (
					"$(SDKROOT)/Developer/Library/Frameworks",
					"$(inherited)",
				);
				INFOPLIST_FILE = letsdateTests/Info.plist;
				LD_RUNPATH_SEARCH_PATHS = "$(inherited) @executable_path/Frameworks @loader_path/Frameworks";
				PRODUCT_NAME = "$(TARGET_NAME)";
				TEST_HOST = "$(BUILT_PRODUCTS_DIR)/letsdate.app/letsdate";
			};
			name = Release;
		};
/* End XCBuildConfiguration section */

/* Begin XCConfigurationList section */
		60E6E2141ADE383E0026CDC3 /* Build configuration list for PBXProject "letsdate" */ = {
			isa = XCConfigurationList;
			buildConfigurations = (
				60E6E23D1ADE383F0026CDC3 /* Debug */,
				60E6E23E1ADE383F0026CDC3 /* Release */,
			);
			defaultConfigurationIsVisible = 0;
			defaultConfigurationName = Release;
		};
		60E6E23F1ADE383F0026CDC3 /* Build configuration list for PBXNativeTarget "letsdate" */ = {
			isa = XCConfigurationList;
			buildConfigurations = (
				60E6E2401ADE383F0026CDC3 /* Debug */,
				60E6E2411ADE383F0026CDC3 /* Release */,
			);
			defaultConfigurationIsVisible = 0;
			defaultConfigurationName = Release;
		};
		60E6E2421ADE383F0026CDC3 /* Build configuration list for PBXNativeTarget "letsdateTests" */ = {
			isa = XCConfigurationList;
			buildConfigurations = (
				60E6E2431ADE383F0026CDC3 /* Debug */,
				60E6E2441ADE383F0026CDC3 /* Release */,
			);
			defaultConfigurationIsVisible = 0;
			defaultConfigurationName = Release;
		};
/* End XCConfigurationList section */
	};
	rootObject = 60E6E2111ADE383E0026CDC3 /* Project object */;
}
